{
  "name": "rxjs",
  "version": "0.0.0",
  "lockfileVersion": 3,
  "requires": true,
  "packages": {
    "": {
      "name": "rxjs",
      "version": "0.0.0",
      "dependencies": {
        "rxjs": "next"
      }
    },
    "node_modules/rxjs": {
      "version": "8.0.0-alpha.14",
      "resolved": "https://registry.npmjs.org/rxjs/-/rxjs-8.0.0-alpha.14.tgz",
      "integrity": "sha512-oRCzFwbAMbo0+dVUeGUCCEf339mW7CESFvVDG3RTncD6yMtV2XoubFMpKEhBd2a9d04EpHl8QSz84/V/agG6bw=="
    }
  }
}
