# THIS IS AN AUTOGENERATED FILE. DO NOT EDIT THIS FILE DIRECTLY.
# yarn lockfile v1


dexie@^4.0.7:
  version "4.0.7"
  resolved "https://registry.yarnpkg.com/dexie/-/dexie-4.0.7.tgz#c92e5032245fc075de58c636238a82ee3ff9fedb"
  integrity sha512-M+Lo6rk4pekIfrc2T0o2tvVJwL6EAAM/B78DNfb8aaxFVoI1f8/rz5KTxuAnApkwqTSuxx7T5t0RKH7qprapGg==

rxjs@next:
  version "8.0.0-alpha.14"
  resolved "https://registry.yarnpkg.com/rxjs/-/rxjs-8.0.0-alpha.14.tgz#67ad781f490e284a3d88eccedcc63702fbc12b8b"
  integrity sha512-oRCzFwbAMbo0+dVUeGUCCEf339mW7CESFvVDG3RTncD6yMtV2XoubFMpKEhBd2a9d04EpHl8QSz84/V/agG6bw==
